// !$*UTF8*$!
{
	archiveVersion = 1;
	classes = {
	};
	objectVersion = 56;
	objects = {

/* Begin PBXBuildFile section */
		7E0AC3B42B6D2E16003F21BE /* TarotToolTests.swift in Sources */ = {isa = PBXBuildFile; fileRef = 7E0AC3B32B6D2E16003F21BE /* TarotToolTests.swift */; };
		7E6254B52B8FDAA700A7043C /* DocumentPicker.swift in Sources */ = {isa = PBXBuildFile; fileRef = 7E6254B42B8FDAA700A7043C /* DocumentPicker.swift */; };
		7E6254B72B8FE39F00A7043C /* DocumentPicker-ViewExtension.swift in Sources */ = {isa = PBXBuildFile; fileRef = 7E6254B62B8FE39F00A7043C /* DocumentPicker-ViewExtension.swift */; };
		7E64A0862B55C57800A3BD28 /* Reading.swift in Sources */ = {isa = PBXBuildFile; fileRef = 7E64A0852B55C57800A3BD28 /* Reading.swift */; };
		7E64A08A2B55C85800A3BD28 /* EditReadingView.swift in Sources */ = {isa = PBXBuildFile; fileRef = 7E64A0892B55C85800A3BD28 /* EditReadingView.swift */; };
		7E64A08E2B55F8F100A3BD28 /* ReadingsView.swift in Sources */ = {isa = PBXBuildFile; fileRef = 7E64A08D2B55F8F000A3BD28 /* ReadingsView.swift */; };
		7E64A0942B56CB9E00A3BD28 /* Deck.swift in Sources */ = {isa = PBXBuildFile; fileRef = 7E64A0932B56CB9E00A3BD28 /* Deck.swift */; };
		7E64A0962B56E1B500A3BD28 /* EditCardView.swift in Sources */ = {isa = PBXBuildFile; fileRef = 7E64A0952B56E1B500A3BD28 /* EditCardView.swift */; };
		7E6BAE342B5EC9430006ABE2 /* ChooseCardsView.swift in Sources */ = {isa = PBXBuildFile; fileRef = 7E6BAE332B5EC9430006ABE2 /* ChooseCardsView.swift */; };
		7E6BAE362B5ED4030006ABE2 /* EditCardListView.swift in Sources */ = {isa = PBXBuildFile; fileRef = 7E6BAE352B5ED4030006ABE2 /* EditCardListView.swift */; };
		7E6E6B3E2B1AE58C00D335CB /* TarotToolApp.swift in Sources */ = {isa = PBXBuildFile; fileRef = 7E6E6B3D2B1AE58C00D335CB /* TarotToolApp.swift */; };
		7E6E6B402B1AE58C00D335CB /* ContentView.swift in Sources */ = {isa = PBXBuildFile; fileRef = 7E6E6B3F2B1AE58C00D335CB /* ContentView.swift */; };
		7E6E6B422B1AE58F00D335CB /* Assets.xcassets in Resources */ = {isa = PBXBuildFile; fileRef = 7E6E6B412B1AE58F00D335CB /* Assets.xcassets */; };
		7E6E6B452B1AE58F00D335CB /* Preview Assets.xcassets in Resources */ = {isa = PBXBuildFile; fileRef = 7E6E6B442B1AE58F00D335CB /* Preview Assets.xcassets */; };
		7E6E6B4C2B1AE71E00D335CB /* Card.swift in Sources */ = {isa = PBXBuildFile; fileRef = 7E6E6B4B2B1AE71E00D335CB /* Card.swift */; };
		7E76FBD82B62AC16003D6E65 /* CardListView.swift in Sources */ = {isa = PBXBuildFile; fileRef = 7E76FBD72B62AC16003D6E65 /* CardListView.swift */; };
		7E76FBDA2B636041003D6E65 /* TarotBasicsView.swift in Sources */ = {isa = PBXBuildFile; fileRef = 7E76FBD92B636041003D6E65 /* TarotBasicsView.swift */; };
		7E76FBDC2B6360EB003D6E65 /* DecksView.swift in Sources */ = {isa = PBXBuildFile; fileRef = 7E76FBDB2B6360EB003D6E65 /* DecksView.swift */; };
		7E76FBDE2B63611D003D6E65 /* CardsView.swift in Sources */ = {isa = PBXBuildFile; fileRef = 7E76FBDD2B63611D003D6E65 /* CardsView.swift */; };
		7E76FBE02B644F76003D6E65 /* Spread.swift in Sources */ = {isa = PBXBuildFile; fileRef = 7E76FBDF2B644F76003D6E65 /* Spread.swift */; };
		7E76FBE22B65C15E003D6E65 /* DeckListView.swift in Sources */ = {isa = PBXBuildFile; fileRef = 7E76FBE12B65C15D003D6E65 /* DeckListView.swift */; };
		7E76FBE42B65E1B0003D6E65 /* SpreadListView.swift in Sources */ = {isa = PBXBuildFile; fileRef = 7E76FBE32B65E1B0003D6E65 /* SpreadListView.swift */; };
		7E76FBE62B65E283003D6E65 /* EditSpreadView.swift in Sources */ = {isa = PBXBuildFile; fileRef = 7E76FBE52B65E283003D6E65 /* EditSpreadView.swift */; };
		7E76FBEA2B65E2B5003D6E65 /* EditDeckView.swift in Sources */ = {isa = PBXBuildFile; fileRef = 7E76FBE92B65E2B5003D6E65 /* EditDeckView.swift */; };
		7EFA90862B59A99100FB044C /* Previewer.swift in Sources */ = {isa = PBXBuildFile; fileRef = 7EFA90852B59A99000FB044C /* Previewer.swift */; };
		7EFBCE822B6EEBE8003870EA /* Bundle-Decodable.swift in Sources */ = {isa = PBXBuildFile; fileRef = 7EFBCE812B6EEBE8003870EA /* Bundle-Decodable.swift */; };
/* End PBXBuildFile section */

/* Begin PBXContainerItemProxy section */
		7E0AC3B52B6D2E16003F21BE /* PBXContainerItemProxy */ = {
			isa = PBXContainerItemProxy;
			containerPortal = 7E6E6B322B1AE58C00D335CB /* Project object */;
			proxyType = 1;
			remoteGlobalIDString = 7E6E6B392B1AE58C00D335CB;
			remoteInfo = TarotTool;
		};
/* End PBXContainerItemProxy section */

/* Begin PBXFileReference section */
		7E0AC3B12B6D2E16003F21BE /* TarotToolTests.xctest */ = {isa = PBXFileReference; explicitFileType = wrapper.cfbundle; includeInIndex = 0; path = TarotToolTests.xctest; sourceTree = BUILT_PRODUCTS_DIR; };
		7E0AC3B32B6D2E16003F21BE /* TarotToolTests.swift */ = {isa = PBXFileReference; lastKnownFileType = sourcecode.swift; path = TarotToolTests.swift; sourceTree = "<group>"; };
		7E6254B42B8FDAA700A7043C /* DocumentPicker.swift */ = {isa = PBXFileReference; lastKnownFileType = sourcecode.swift; path = DocumentPicker.swift; sourceTree = "<group>"; };
		7E6254B62B8FE39F00A7043C /* DocumentPicker-ViewExtension.swift */ = {isa = PBXFileReference; lastKnownFileType = sourcecode.swift; path = "DocumentPicker-ViewExtension.swift"; sourceTree = "<group>"; };
		7E64A0852B55C57800A3BD28 /* Reading.swift */ = {isa = PBXFileReference; lastKnownFileType = sourcecode.swift; path = Reading.swift; sourceTree = "<group>"; };
		7E64A0892B55C85800A3BD28 /* EditReadingView.swift */ = {isa = PBXFileReference; lastKnownFileType = sourcecode.swift; path = EditReadingView.swift; sourceTree = "<group>"; };
		7E64A08D2B55F8F000A3BD28 /* ReadingsView.swift */ = {isa = PBXFileReference; lastKnownFileType = sourcecode.swift; path = ReadingsView.swift; sourceTree = "<group>"; };
		7E64A0932B56CB9E00A3BD28 /* Deck.swift */ = {isa = PBXFileReference; lastKnownFileType = sourcecode.swift; path = Deck.swift; sourceTree = "<group>"; };
		7E64A0952B56E1B500A3BD28 /* EditCardView.swift */ = {isa = PBXFileReference; lastKnownFileType = sourcecode.swift; path = EditCardView.swift; sourceTree = "<group>"; };
		7E6BAE332B5EC9430006ABE2 /* ChooseCardsView.swift */ = {isa = PBXFileReference; lastKnownFileType = sourcecode.swift; path = ChooseCardsView.swift; sourceTree = "<group>"; };
		7E6BAE352B5ED4030006ABE2 /* EditCardListView.swift */ = {isa = PBXFileReference; lastKnownFileType = sourcecode.swift; path = EditCardListView.swift; sourceTree = "<group>"; };
		7E6E6B3A2B1AE58C00D335CB /* TarotTool.app */ = {isa = PBXFileReference; explicitFileType = wrapper.application; includeInIndex = 0; path = TarotTool.app; sourceTree = BUILT_PRODUCTS_DIR; };
		7E6E6B3D2B1AE58C00D335CB /* TarotToolApp.swift */ = {isa = PBXFileReference; lastKnownFileType = sourcecode.swift; path = TarotToolApp.swift; sourceTree = "<group>"; };
		7E6E6B3F2B1AE58C00D335CB /* ContentView.swift */ = {isa = PBXFileReference; lastKnownFileType = sourcecode.swift; path = ContentView.swift; sourceTree = "<group>"; };
		7E6E6B412B1AE58F00D335CB /* Assets.xcassets */ = {isa = PBXFileReference; lastKnownFileType = folder.assetcatalog; path = Assets.xcassets; sourceTree = "<group>"; };
		7E6E6B442B1AE58F00D335CB /* Preview Assets.xcassets */ = {isa = PBXFileReference; lastKnownFileType = folder.assetcatalog; path = "Preview Assets.xcassets"; sourceTree = "<group>"; };
		7E6E6B4B2B1AE71E00D335CB /* Card.swift */ = {isa = PBXFileReference; lastKnownFileType = sourcecode.swift; path = Card.swift; sourceTree = "<group>"; };
		7E76FBD72B62AC16003D6E65 /* CardListView.swift */ = {isa = PBXFileReference; lastKnownFileType = sourcecode.swift; path = CardListView.swift; sourceTree = "<group>"; };
		7E76FBD92B636041003D6E65 /* TarotBasicsView.swift */ = {isa = PBXFileReference; lastKnownFileType = sourcecode.swift; path = TarotBasicsView.swift; sourceTree = "<group>"; };
		7E76FBDB2B6360EB003D6E65 /* DecksView.swift */ = {isa = PBXFileReference; lastKnownFileType = sourcecode.swift; path = DecksView.swift; sourceTree = "<group>"; };
		7E76FBDD2B63611D003D6E65 /* CardsView.swift */ = {isa = PBXFileReference; lastKnownFileType = sourcecode.swift; path = CardsView.swift; sourceTree = "<group>"; };
		7E76FBDF2B644F76003D6E65 /* Spread.swift */ = {isa = PBXFileReference; lastKnownFileType = sourcecode.swift; path = Spread.swift; sourceTree = "<group>"; };
		7E76FBE12B65C15D003D6E65 /* DeckListView.swift */ = {isa = PBXFileReference; lastKnownFileType = sourcecode.swift; path = DeckListView.swift; sourceTree = "<group>"; };
		7E76FBE32B65E1B0003D6E65 /* SpreadListView.swift */ = {isa = PBXFileReference; lastKnownFileType = sourcecode.swift; path = SpreadListView.swift; sourceTree = "<group>"; };
		7E76FBE52B65E283003D6E65 /* EditSpreadView.swift */ = {isa = PBXFileReference; lastKnownFileType = sourcecode.swift; path = EditSpreadView.swift; sourceTree = "<group>"; };
		7E76FBE92B65E2B5003D6E65 /* EditDeckView.swift */ = {isa = PBXFileReference; lastKnownFileType = sourcecode.swift; path = EditDeckView.swift; sourceTree = "<group>"; };
		7EFA90852B59A99000FB044C /* Previewer.swift */ = {isa = PBXFileReference; lastKnownFileType = sourcecode.swift; path = Previewer.swift; sourceTree = "<group>"; };
		7EFBCE812B6EEBE8003870EA /* Bundle-Decodable.swift */ = {isa = PBXFileReference; lastKnownFileType = sourcecode.swift; path = "Bundle-Decodable.swift"; sourceTree = "<group>"; };
/* End PBXFileReference section */

/* Begin PBXFrameworksBuildPhase section */
		7E0AC3AE2B6D2E16003F21BE /* Frameworks */ = {
			isa = PBXFrameworksBuildPhase;
			buildActionMask = 2147483647;
			files = (
			);
			runOnlyForDeploymentPostprocessing = 0;
		};
		7E6E6B372B1AE58C00D335CB /* Frameworks */ = {
			isa = PBXFrameworksBuildPhase;
			buildActionMask = 2147483647;
			files = (
			);
			runOnlyForDeploymentPostprocessing = 0;
		};
/* End PBXFrameworksBuildPhase section */

/* Begin PBXGroup section */
		7E0AC3B22B6D2E16003F21BE /* TarotToolTests */ = {
			isa = PBXGroup;
			children = (
				7E0AC3B32B6D2E16003F21BE /* TarotToolTests.swift */,
			);
			path = TarotToolTests;
			sourceTree = "<group>";
		};
		7E6254B32B8FDA4900A7043C /* Utilities */ = {
			isa = PBXGroup;
			children = (
				7EFBCE812B6EEBE8003870EA /* Bundle-Decodable.swift */,
				7E6254B42B8FDAA700A7043C /* DocumentPicker.swift */,
				7E6254B62B8FE39F00A7043C /* DocumentPicker-ViewExtension.swift */,
				7EFA90852B59A99000FB044C /* Previewer.swift */,
			);
			path = Utilities;
			sourceTree = "<group>";
		};
		7E6254B82B8FE6FC00A7043C /* Cards */ = {
			isa = PBXGroup;
			children = (
				7E6E6B4B2B1AE71E00D335CB /* Card.swift */,
				7E76FBD72B62AC16003D6E65 /* CardListView.swift */,
				7E76FBDD2B63611D003D6E65 /* CardsView.swift */,
				7E6BAE332B5EC9430006ABE2 /* ChooseCardsView.swift */,
				7E64A0952B56E1B500A3BD28 /* EditCardView.swift */,
				7E6BAE352B5ED4030006ABE2 /* EditCardListView.swift */,
			);
			path = Cards;
			sourceTree = "<group>";
		};
		7E6254B92B8FE72600A7043C /* Decks */ = {
			isa = PBXGroup;
			children = (
				7E64A0932B56CB9E00A3BD28 /* Deck.swift */,
				7E76FBE12B65C15D003D6E65 /* DeckListView.swift */,
				7E76FBDB2B6360EB003D6E65 /* DecksView.swift */,
				7E76FBE92B65E2B5003D6E65 /* EditDeckView.swift */,
			);
			path = Decks;
			sourceTree = "<group>";
		};
		7E6254BA2B8FE7E000A7043C /* Spreads */ = {
			isa = PBXGroup;
			children = (
				7E76FBE52B65E283003D6E65 /* EditSpreadView.swift */,
				7E76FBDF2B644F76003D6E65 /* Spread.swift */,
				7E76FBE32B65E1B0003D6E65 /* SpreadListView.swift */,
			);
			path = Spreads;
			sourceTree = "<group>";
		};
		7E6254BB2B8FE7F500A7043C /* Readings */ = {
			isa = PBXGroup;
			children = (
				7E64A0892B55C85800A3BD28 /* EditReadingView.swift */,
				7E64A0852B55C57800A3BD28 /* Reading.swift */,
				7E64A08D2B55F8F000A3BD28 /* ReadingsView.swift */,
			);
			path = Readings;
			sourceTree = "<group>";
		};
		7E6254BC2B8FE89B00A7043C /* TarotBasics */ = {
			isa = PBXGroup;
			children = (
				7E76FBD92B636041003D6E65 /* TarotBasicsView.swift */,
			);
			path = TarotBasics;
			sourceTree = "<group>";
		};
		7E6E6B312B1AE58C00D335CB = {
			isa = PBXGroup;
			children = (
				7E6E6B3C2B1AE58C00D335CB /* TarotTool */,
				7E0AC3B22B6D2E16003F21BE /* TarotToolTests */,
				7E6E6B3B2B1AE58C00D335CB /* Products */,
			);
			sourceTree = "<group>";
		};
		7E6E6B3B2B1AE58C00D335CB /* Products */ = {
			isa = PBXGroup;
			children = (
				7E6E6B3A2B1AE58C00D335CB /* TarotTool.app */,
				7E0AC3B12B6D2E16003F21BE /* TarotToolTests.xctest */,
			);
			name = Products;
			sourceTree = "<group>";
		};
		7E6E6B3C2B1AE58C00D335CB /* TarotTool */ = {
			isa = PBXGroup;
			children = (
				7E6254B82B8FE6FC00A7043C /* Cards */,
				7E6254B92B8FE72600A7043C /* Decks */,
				7E6254BB2B8FE7F500A7043C /* Readings */,
				7E6254BA2B8FE7E000A7043C /* Spreads */,
				7E6254BC2B8FE89B00A7043C /* TarotBasics */,
				7E6254B32B8FDA4900A7043C /* Utilities */,
				7E6E6B3D2B1AE58C00D335CB /* TarotToolApp.swift */,
				7E6E6B3F2B1AE58C00D335CB /* ContentView.swift */,
				7E6E6B412B1AE58F00D335CB /* Assets.xcassets */,
				7E6E6B432B1AE58F00D335CB /* Preview Content */,
			);
			path = TarotTool;
			sourceTree = "<group>";
		};
		7E6E6B432B1AE58F00D335CB /* Preview Content */ = {
			isa = PBXGroup;
			children = (
				7E6E6B442B1AE58F00D335CB /* Preview Assets.xcassets */,
			);
			path = "Preview Content";
			sourceTree = "<group>";
		};
/* End PBXGroup section */

/* Begin PBXNativeTarget section */
		7E0AC3B02B6D2E16003F21BE /* TarotToolTests */ = {
			isa = PBXNativeTarget;
			buildConfigurationList = 7E0AC3B92B6D2E16003F21BE /* Build configuration list for PBXNativeTarget "TarotToolTests" */;
			buildPhases = (
				7E0AC3AD2B6D2E16003F21BE /* Sources */,
				7E0AC3AE2B6D2E16003F21BE /* Frameworks */,
				7E0AC3AF2B6D2E16003F21BE /* Resources */,
			);
			buildRules = (
			);
			dependencies = (
				7E0AC3B62B6D2E16003F21BE /* PBXTargetDependency */,
			);
			name = TarotToolTests;
			productName = TarotToolTests;
			productReference = 7E0AC3B12B6D2E16003F21BE /* TarotToolTests.xctest */;
			productType = "com.apple.product-type.bundle.unit-test";
		};
		7E6E6B392B1AE58C00D335CB /* TarotTool */ = {
			isa = PBXNativeTarget;
			buildConfigurationList = 7E6E6B482B1AE58F00D335CB /* Build configuration list for PBXNativeTarget "TarotTool" */;
			buildPhases = (
				7E6E6B362B1AE58C00D335CB /* Sources */,
				7E6E6B372B1AE58C00D335CB /* Frameworks */,
				7E6E6B382B1AE58C00D335CB /* Resources */,
			);
			buildRules = (
			);
			dependencies = (
			);
			name = TarotTool;
			productName = TarotTool;
			productReference = 7E6E6B3A2B1AE58C00D335CB /* TarotTool.app */;
			productType = "com.apple.product-type.application";
		};
/* End PBXNativeTarget section */

/* Begin PBXProject section */
		7E6E6B322B1AE58C00D335CB /* Project object */ = {
			isa = PBXProject;
			attributes = {
				BuildIndependentTargetsInParallel = 1;
				LastSwiftUpdateCheck = 1500;
				LastUpgradeCheck = 1500;
				TargetAttributes = {
					7E0AC3B02B6D2E16003F21BE = {
						CreatedOnToolsVersion = 15.0.1;
						TestTargetID = 7E6E6B392B1AE58C00D335CB;
					};
					7E6E6B392B1AE58C00D335CB = {
						CreatedOnToolsVersion = 15.0.1;
					};
				};
			};
			buildConfigurationList = 7E6E6B352B1AE58C00D335CB /* Build configuration list for PBXProject "TarotTool" */;
			compatibilityVersion = "Xcode 14.0";
			developmentRegion = en;
			hasScannedForEncodings = 0;
			knownRegions = (
				en,
				Base,
			);
			mainGroup = 7E6E6B312B1AE58C00D335CB;
			productRefGroup = 7E6E6B3B2B1AE58C00D335CB /* Products */;
			projectDirPath = "";
			projectRoot = "";
			targets = (
				7E6E6B392B1AE58C00D335CB /* TarotTool */,
				7E0AC3B02B6D2E16003F21BE /* TarotToolTests */,
			);
		};
/* End PBXProject section */

/* Begin PBXResourcesBuildPhase section */
		7E0AC3AF2B6D2E16003F21BE /* Resources */ = {
			isa = PBXResourcesBuildPhase;
			buildActionMask = 2147483647;
			files = (
			);
			runOnlyForDeploymentPostprocessing = 0;
		};
		7E6E6B382B1AE58C00D335CB /* Resources */ = {
			isa = PBXResourcesBuildPhase;
			buildActionMask = 2147483647;
			files = (
				7E6E6B452B1AE58F00D335CB /* Preview Assets.xcassets in Resources */,
				7E6E6B422B1AE58F00D335CB /* Assets.xcassets in Resources */,
			);
			runOnlyForDeploymentPostprocessing = 0;
		};
/* End PBXResourcesBuildPhase section */

/* Begin PBXSourcesBuildPhase section */
		7E0AC3AD2B6D2E16003F21BE /* Sources */ = {
			isa = PBXSourcesBuildPhase;
			buildActionMask = 2147483647;
			files = (
				7E0AC3B42B6D2E16003F21BE /* TarotToolTests.swift in Sources */,
			);
			runOnlyForDeploymentPostprocessing = 0;
		};
		7E6E6B362B1AE58C00D335CB /* Sources */ = {
			isa = PBXSourcesBuildPhase;
			buildActionMask = 2147483647;
			files = (
				7E64A0962B56E1B500A3BD28 /* EditCardView.swift in Sources */,
				7E64A0942B56CB9E00A3BD28 /* Deck.swift in Sources */,
				7E6E6B402B1AE58C00D335CB /* ContentView.swift in Sources */,
				7E76FBE22B65C15E003D6E65 /* DeckListView.swift in Sources */,
				7E76FBDA2B636041003D6E65 /* TarotBasicsView.swift in Sources */,
				7EFBCE822B6EEBE8003870EA /* Bundle-Decodable.swift in Sources */,
				7EFA90862B59A99100FB044C /* Previewer.swift in Sources */,
				7E76FBDC2B6360EB003D6E65 /* DecksView.swift in Sources */,
				7E76FBE02B644F76003D6E65 /* Spread.swift in Sources */,
				7E76FBDE2B63611D003D6E65 /* CardsView.swift in Sources */,
				7E6254B72B8FE39F00A7043C /* DocumentPicker-ViewExtension.swift in Sources */,
				7E6BAE362B5ED4030006ABE2 /* EditCardListView.swift in Sources */,
				7E76FBE62B65E283003D6E65 /* EditSpreadView.swift in Sources */,
				7E6254B52B8FDAA700A7043C /* DocumentPicker.swift in Sources */,
				7E6E6B4C2B1AE71E00D335CB /* Card.swift in Sources */,
				7E6BAE342B5EC9430006ABE2 /* ChooseCardsView.swift in Sources */,
				7E76FBEA2B65E2B5003D6E65 /* EditDeckView.swift in Sources */,
				7E64A0862B55C57800A3BD28 /* Reading.swift in Sources */,
				7E76FBE42B65E1B0003D6E65 /* SpreadListView.swift in Sources */,
				7E64A08E2B55F8F100A3BD28 /* ReadingsView.swift in Sources */,
				7E6E6B3E2B1AE58C00D335CB /* TarotToolApp.swift in Sources */,
				7E76FBD82B62AC16003D6E65 /* CardListView.swift in Sources */,
				7E64A08A2B55C85800A3BD28 /* EditReadingView.swift in Sources */,
			);
			runOnlyForDeploymentPostprocessing = 0;
		};
/* End PBXSourcesBuildPhase section */

/* Begin PBXTargetDependency section */
		7E0AC3B62B6D2E16003F21BE /* PBXTargetDependency */ = {
			isa = PBXTargetDependency;
			target = 7E6E6B392B1AE58C00D335CB /* TarotTool */;
			targetProxy = 7E0AC3B52B6D2E16003F21BE /* PBXContainerItemProxy */;
		};
/* End PBXTargetDependency section */

/* Begin XCBuildConfiguration section */
		7E0AC3B72B6D2E16003F21BE /* Debug */ = {
			isa = XCBuildConfiguration;
			buildSettings = {
				BUNDLE_LOADER = "$(TEST_HOST)";
				CODE_SIGN_STYLE = Automatic;
				CURRENT_PROJECT_VERSION = 1;
				DEVELOPMENT_TEAM = 5998PKP98V;
				GENERATE_INFOPLIST_FILE = YES;
				MARKETING_VERSION = 1.0;
				PRODUCT_BUNDLE_IDENTIFIER = com.tralucent.TarotToolTests;
				PRODUCT_NAME = "$(TARGET_NAME)";
				SWIFT_EMIT_LOC_STRINGS = NO;
				SWIFT_VERSION = 5.0;
				TARGETED_DEVICE_FAMILY = "1,2";
				TEST_HOST = "$(BUILT_PRODUCTS_DIR)/TarotTool.app/$(BUNDLE_EXECUTABLE_FOLDER_PATH)/TarotTool";
			};
			name = Debug;
		};
		7E0AC3B82B6D2E16003F21BE /* Release */ = {
			isa = XCBuildConfiguration;
			buildSettings = {
				BUNDLE_LOADER = "$(TEST_HOST)";
				CODE_SIGN_STYLE = Automatic;
				CURRENT_PROJECT_VERSION = 1;
				DEVELOPMENT_TEAM = 5998PKP98V;
				GENERATE_INFOPLIST_FILE = YES;
				MARKETING_VERSION = 1.0;
				PRODUCT_BUNDLE_IDENTIFIER = com.tralucent.TarotToolTests;
				PRODUCT_NAME = "$(TARGET_NAME)";
				SWIFT_EMIT_LOC_STRINGS = NO;
				SWIFT_VERSION = 5.0;
				TARGETED_DEVICE_FAMILY = "1,2";
				TEST_HOST = "$(BUILT_PRODUCTS_DIR)/TarotTool.app/$(BUNDLE_EXECUTABLE_FOLDER_PATH)/TarotTool";
			};
			name = Release;
		};
		7E6E6B462B1AE58F00D335CB /* Debug */ = {
			isa = XCBuildConfiguration;
			buildSettings = {
				ALWAYS_SEARCH_USER_PATHS = NO;
				ASSETCATALOG_COMPILER_GENERATE_SWIFT_ASSET_SYMBOL_EXTENSIONS = YES;
				CLANG_ANALYZER_NONNULL = YES;
				CLANG_ANALYZER_NUMBER_OBJECT_CONVERSION = YES_AGGRESSIVE;
				CLANG_CXX_LANGUAGE_STANDARD = "gnu++20";
				CLANG_ENABLE_MODULES = YES;
				CLANG_ENABLE_OBJC_ARC = YES;
				CLANG_ENABLE_OBJC_WEAK = YES;
				CLANG_WARN_BLOCK_CAPTURE_AUTORELEASING = YES;
				CLANG_WARN_BOOL_CONVERSION = YES;
				CLANG_WARN_COMMA = YES;
				CLANG_WARN_CONSTANT_CONVERSION = YES;
				CLANG_WARN_DEPRECATED_OBJC_IMPLEMENTATIONS = YES;
				CLANG_WARN_DIRECT_OBJC_ISA_USAGE = YES_ERROR;
				CLANG_WARN_DOCUMENTATION_COMMENTS = YES;
				CLANG_WARN_EMPTY_BODY = YES;
				CLANG_WARN_ENUM_CONVERSION = YES;
				CLANG_WARN_INFINITE_RECURSION = YES;
				CLANG_WARN_INT_CONVERSION = YES;
				CLANG_WARN_NON_LITERAL_NULL_CONVERSION = YES;
				CLANG_WARN_OBJC_IMPLICIT_RETAIN_SELF = YES;
				CLANG_WARN_OBJC_LITERAL_CONVERSION = YES;
				CLANG_WARN_OBJC_ROOT_CLASS = YES_ERROR;
				CLANG_WARN_QUOTED_INCLUDE_IN_FRAMEWORK_HEADER = YES;
				CLANG_WARN_RANGE_LOOP_ANALYSIS = YES;
				CLANG_WARN_STRICT_PROTOTYPES = YES;
				CLANG_WARN_SUSPICIOUS_MOVE = YES;
				CLANG_WARN_UNGUARDED_AVAILABILITY = YES_AGGRESSIVE;
				CLANG_WARN_UNREACHABLE_CODE = YES;
				CLANG_WARN__DUPLICATE_METHOD_MATCH = YES;
				COPY_PHASE_STRIP = NO;
				DEBUG_INFORMATION_FORMAT = dwarf;
				ENABLE_STRICT_OBJC_MSGSEND = YES;
				ENABLE_TESTABILITY = YES;
				ENABLE_USER_SCRIPT_SANDBOXING = YES;
				GCC_C_LANGUAGE_STANDARD = gnu17;
				GCC_DYNAMIC_NO_PIC = NO;
				GCC_NO_COMMON_BLOCKS = YES;
				GCC_OPTIMIZATION_LEVEL = 0;
				GCC_PREPROCESSOR_DEFINITIONS = (
					"DEBUG=1",
					"$(inherited)",
				);
				GCC_WARN_64_TO_32_BIT_CONVERSION = YES;
				GCC_WARN_ABOUT_RETURN_TYPE = YES_ERROR;
				GCC_WARN_UNDECLARED_SELECTOR = YES;
				GCC_WARN_UNINITIALIZED_AUTOS = YES_AGGRESSIVE;
				GCC_WARN_UNUSED_FUNCTION = YES;
				GCC_WARN_UNUSED_VARIABLE = YES;
				IPHONEOS_DEPLOYMENT_TARGET = 17.0;
				LOCALIZATION_PREFERS_STRING_CATALOGS = YES;
				MTL_ENABLE_DEBUG_INFO = INCLUDE_SOURCE;
				MTL_FAST_MATH = YES;
				ONLY_ACTIVE_ARCH = YES;
				SDKROOT = iphoneos;
				SWIFT_ACTIVE_COMPILATION_CONDITIONS = "DEBUG $(inherited)";
				SWIFT_OPTIMIZATION_LEVEL = "-Onone";
			};
			name = Debug;
		};
		7E6E6B472B1AE58F00D335CB /* Release */ = {
			isa = XCBuildConfiguration;
			buildSettings = {
				ALWAYS_SEARCH_USER_PATHS = NO;
				ASSETCATALOG_COMPILER_GENERATE_SWIFT_ASSET_SYMBOL_EXTENSIONS = YES;
				CLANG_ANALYZER_NONNULL = YES;
				CLANG_ANALYZER_NUMBER_OBJECT_CONVERSION = YES_AGGRESSIVE;
				CLANG_CXX_LANGUAGE_STANDARD = "gnu++20";
				CLANG_ENABLE_MODULES = YES;
				CLANG_ENABLE_OBJC_ARC = YES;
				CLANG_ENABLE_OBJC_WEAK = YES;
				CLANG_WARN_BLOCK_CAPTURE_AUTORELEASING = YES;
				CLANG_WARN_BOOL_CONVERSION = YES;
				CLANG_WARN_COMMA = YES;
				CLANG_WARN_CONSTANT_CONVERSION = YES;
				CLANG_WARN_DEPRECATED_OBJC_IMPLEMENTATIONS = YES;
				CLANG_WARN_DIRECT_OBJC_ISA_USAGE = YES_ERROR;
				CLANG_WARN_DOCUMENTATION_COMMENTS = YES;
				CLANG_WARN_EMPTY_BODY = YES;
				CLANG_WARN_ENUM_CONVERSION = YES;
				CLANG_WARN_INFINITE_RECURSION = YES;
				CLANG_WARN_INT_CONVERSION = YES;
				CLANG_WARN_NON_LITERAL_NULL_CONVERSION = YES;
				CLANG_WARN_OBJC_IMPLICIT_RETAIN_SELF = YES;
				CLANG_WARN_OBJC_LITERAL_CONVERSION = YES;
				CLANG_WARN_OBJC_ROOT_CLASS = YES_ERROR;
				CLANG_WARN_QUOTED_INCLUDE_IN_FRAMEWORK_HEADER = YES;
				CLANG_WARN_RANGE_LOOP_ANALYSIS = YES;
				CLANG_WARN_STRICT_PROTOTYPES = YES;
				CLANG_WARN_SUSPICIOUS_MOVE = YES;
				CLANG_WARN_UNGUARDED_AVAILABILITY = YES_AGGRESSIVE;
				CLANG_WARN_UNREACHABLE_CODE = YES;
				CLANG_WARN__DUPLICATE_METHOD_MATCH = YES;
				COPY_PHASE_STRIP = NO;
				DEBUG_INFORMATION_FORMAT = "dwarf-with-dsym";
				ENABLE_NS_ASSERTIONS = NO;
				ENABLE_STRICT_OBJC_MSGSEND = YES;
				ENABLE_USER_SCRIPT_SANDBOXING = YES;
				GCC_C_LANGUAGE_STANDARD = gnu17;
				GCC_NO_COMMON_BLOCKS = YES;
				GCC_WARN_64_TO_32_BIT_CONVERSION = YES;
				GCC_WARN_ABOUT_RETURN_TYPE = YES_ERROR;
				GCC_WARN_UNDECLARED_SELECTOR = YES;
				GCC_WARN_UNINITIALIZED_AUTOS = YES_AGGRESSIVE;
				GCC_WARN_UNUSED_FUNCTION = YES;
				GCC_WARN_UNUSED_VARIABLE = YES;
				IPHONEOS_DEPLOYMENT_TARGET = 17.0;
				LOCALIZATION_PREFERS_STRING_CATALOGS = YES;
				MTL_ENABLE_DEBUG_INFO = NO;
				MTL_FAST_MATH = YES;
				SDKROOT = iphoneos;
				SWIFT_COMPILATION_MODE = wholemodule;
				VALIDATE_PRODUCT = YES;
			};
			name = Release;
		};
		7E6E6B492B1AE58F00D335CB /* Debug */ = {
			isa = XCBuildConfiguration;
			buildSettings = {
				ASSETCATALOG_COMPILER_APPICON_NAME = AppIcon;
				ASSETCATALOG_COMPILER_GLOBAL_ACCENT_COLOR_NAME = AccentColor;
				CODE_SIGN_STYLE = Automatic;
				CURRENT_PROJECT_VERSION = 1;
				DEVELOPMENT_ASSET_PATHS = "\"TarotTool/Preview Content\"";
				DEVELOPMENT_TEAM = 5998PKP98V;
				ENABLE_PREVIEWS = YES;
				GENERATE_INFOPLIST_FILE = YES;
				INFOPLIST_KEY_UIApplicationSceneManifest_Generation = YES;
				INFOPLIST_KEY_UIApplicationSupportsIndirectInputEvents = YES;
				INFOPLIST_KEY_UILaunchScreen_Generation = YES;
				INFOPLIST_KEY_UISupportedInterfaceOrientations_iPad = "UIInterfaceOrientationPortrait UIInterfaceOrientationPortraitUpsideDown UIInterfaceOrientationLandscapeLeft UIInterfaceOrientationLandscapeRight";
				INFOPLIST_KEY_UISupportedInterfaceOrientations_iPhone = "UIInterfaceOrientationPortrait UIInterfaceOrientationLandscapeLeft UIInterfaceOrientationLandscapeRight";
				LD_RUNPATH_SEARCH_PATHS = (
					"$(inherited)",
					"@executable_path/Frameworks",
				);
				MARKETING_VERSION = 1.0;
				PRODUCT_BUNDLE_IDENTIFIER = com.tralucent.TarotTool;
				PRODUCT_NAME = "$(TARGET_NAME)";
				SWIFT_EMIT_LOC_STRINGS = YES;
				SWIFT_VERSION = 5.0;
				TARGETED_DEVICE_FAMILY = "1,2";
			};
			name = Debug;
		};
		7E6E6B4A2B1AE58F00D335CB /* Release */ = {
			isa = XCBuildConfiguration;
			buildSettings = {
				ASSETCATALOG_COMPILER_APPICON_NAME = AppIcon;
				ASSETCATALOG_COMPILER_GLOBAL_ACCENT_COLOR_NAME = AccentColor;
				CODE_SIGN_STYLE = Automatic;
				CURRENT_PROJECT_VERSION = 1;
				DEVELOPMENT_ASSET_PATHS = "\"TarotTool/Preview Content\"";
				DEVELOPMENT_TEAM = 5998PKP98V;
				ENABLE_PREVIEWS = YES;
				GENERATE_INFOPLIST_FILE = YES;
				INFOPLIST_KEY_UIApplicationSceneManifest_Generation = YES;
				INFOPLIST_KEY_UIApplicationSupportsIndirectInputEvents = YES;
				INFOPLIST_KEY_UILaunchScreen_Generation = YES;
				INFOPLIST_KEY_UISupportedInterfaceOrientations_iPad = "UIInterfaceOrientationPortrait UIInterfaceOrientationPortraitUpsideDown UIInterfaceOrientationLandscapeLeft UIInterfaceOrientationLandscapeRight";
				INFOPLIST_KEY_UISupportedInterfaceOrientations_iPhone = "UIInterfaceOrientationPortrait UIInterfaceOrientationLandscapeLeft UIInterfaceOrientationLandscapeRight";
				LD_RUNPATH_SEARCH_PATHS = (
					"$(inherited)",
					"@executable_path/Frameworks",
				);
				MARKETING_VERSION = 1.0;
				PRODUCT_BUNDLE_IDENTIFIER = com.tralucent.TarotTool;
				PRODUCT_NAME = "$(TARGET_NAME)";
				SWIFT_EMIT_LOC_STRINGS = YES;
				SWIFT_VERSION = 5.0;
				TARGETED_DEVICE_FAMILY = "1,2";
			};
			name = Release;
		};
/* End XCBuildConfiguration section */

/* Begin XCConfigurationList section */
		7E0AC3B92B6D2E16003F21BE /* Build configuration list for PBXNativeTarget "TarotToolTests" */ = {
			isa = XCConfigurationList;
			buildConfigurations = (
				7E0AC3B72B6D2E16003F21BE /* Debug */,
				7E0AC3B82B6D2E16003F21BE /* Release */,
			);
			defaultConfigurationIsVisible = 0;
			defaultConfigurationName = Release;
		};
		7E6E6B352B1AE58C00D335CB /* Build configuration list for PBXProject "TarotTool" */ = {
			isa = XCConfigurationList;
			buildConfigurations = (
				7E6E6B462B1AE58F00D335CB /* Debug */,
				7E6E6B472B1AE58F00D335CB /* Release */,
			);
			defaultConfigurationIsVisible = 0;
			defaultConfigurationName = Release;
		};
		7E6E6B482B1AE58F00D335CB /* Build configuration list for PBXNativeTarget "TarotTool" */ = {
			isa = XCConfigurationList;
			buildConfigurations = (
				7E6E6B492B1AE58F00D335CB /* Debug */,
				7E6E6B4A2B1AE58F00D335CB /* Release */,
			);
			defaultConfigurationIsVisible = 0;
			defaultConfigurationName = Release;
		};
/* End XCConfigurationList section */
	};
	rootObject = 7E6E6B322B1AE58C00D335CB /* Project object */;
}
